// !$*UTF8*$!
{
	archiveVersion = 1;
	classes = {
	};
	objectVersion = 46;
	objects = {

/* Begin PBXBuildFile section */
		62C2F4BA1EBA1C75008F1D9C /* AAA.swift in Sources */ = {isa = PBXBuildFile; fileRef = 62C2F4B91EBA1C75008F1D9C /* AAA.swift */; };
		62C2F4E01EBAD82F008F1D9C /* AppDelegate.swift in Sources */ = {isa = PBXBuildFile; fileRef = 62C2F4DF1EBAD82F008F1D9C /* AppDelegate.swift */; };
		62C2F4E21EBAD82F008F1D9C /* ViewController.swift in Sources */ = {isa = PBXBuildFile; fileRef = 62C2F4E11EBAD82F008F1D9C /* ViewController.swift */; };
		62C2F4E51EBAD82F008F1D9C /* Main.storyboard in Resources */ = {isa = PBXBuildFile; fileRef = 62C2F4E31EBAD82F008F1D9C /* Main.storyboard */; };
		62C2F4E71EBAD82F008F1D9C /* Assets.xcassets in Resources */ = {isa = PBXBuildFile; fileRef = 62C2F4E61EBAD82F008F1D9C /* Assets.xcassets */; };
		62C2F4EA1EBAD82F008F1D9C /* LaunchScreen.storyboard in Resources */ = {isa = PBXBuildFile; fileRef = 62C2F4E81EBAD82F008F1D9C /* LaunchScreen.storyboard */; };
		62C2F4F71EBADE19008F1D9C /* PicturePicker.framework in Frameworks */ = {isa = PBXBuildFile; fileRef = 62E5A5C41EB9FC9B00F97BE1 /* PicturePicker.framework */; };
		62C2F4F91EBAE545008F1D9C /* DemoCollectionViewCell.swift in Sources */ = {isa = PBXBuildFile; fileRef = 62C2F4F81EBAE545008F1D9C /* DemoCollectionViewCell.swift */; };
		62E5A5CE1EB9FC9B00F97BE1 /* PicturePicker.framework in Frameworks */ = {isa = PBXBuildFile; fileRef = 62E5A5C41EB9FC9B00F97BE1 /* PicturePicker.framework */; };
		62E5A5D31EB9FC9B00F97BE1 /* PicturePickerTests.swift in Sources */ = {isa = PBXBuildFile; fileRef = 62E5A5D21EB9FC9B00F97BE1 /* PicturePickerTests.swift */; };
		62E5A5D51EB9FC9B00F97BE1 /* PicturePicker.h in Headers */ = {isa = PBXBuildFile; fileRef = 62E5A5C71EB9FC9B00F97BE1 /* PicturePicker.h */; settings = {ATTRIBUTES = (Public, ); }; };
		62E5A5EF1EB9FD6600F97BE1 /* AlbumTableViewCell.swift in Sources */ = {isa = PBXBuildFile; fileRef = 62E5A5DE1EB9FD6600F97BE1 /* AlbumTableViewCell.swift */; };
		62E5A5F01EB9FD6600F97BE1 /* AlbumTableViewController.swift in Sources */ = {isa = PBXBuildFile; fileRef = 62E5A5DF1EB9FD6600F97BE1 /* AlbumTableViewController.swift */; };
		62E5A5F11EB9FD6600F97BE1 /* BrowserToolbar.swift in Sources */ = {isa = PBXBuildFile; fileRef = 62E5A5E01EB9FD6600F97BE1 /* BrowserToolbar.swift */; };
		62E5A5F21EB9FD6600F97BE1 /* BrowserViewController.swift in Sources */ = {isa = PBXBuildFile; fileRef = 62E5A5E11EB9FD6600F97BE1 /* BrowserViewController.swift */; };
		62E5A5F31EB9FD6600F97BE1 /* PagingScrollView.swift in Sources */ = {isa = PBXBuildFile; fileRef = 62E5A5E21EB9FD6600F97BE1 /* PagingScrollView.swift */; };
		62E5A5F41EB9FD6600F97BE1 /* Photo.swift in Sources */ = {isa = PBXBuildFile; fileRef = 62E5A5E31EB9FD6600F97BE1 /* Photo.swift */; };
		62E5A5F51EB9FD6600F97BE1 /* PhotoCollectionViewCell.swift in Sources */ = {isa = PBXBuildFile; fileRef = 62E5A5E41EB9FD6600F97BE1 /* PhotoCollectionViewCell.swift */; };
		62E5A5F61EB9FD6600F97BE1 /* PhotosGridViewController.swift in Sources */ = {isa = PBXBuildFile; fileRef = 62E5A5E51EB9FD6600F97BE1 /* PhotosGridViewController.swift */; };
		62E5A5F71EB9FD6600F97BE1 /* PhotoToolbar.swift in Sources */ = {isa = PBXBuildFile; fileRef = 62E5A5E61EB9FD6600F97BE1 /* PhotoToolbar.swift */; };
		62E5A5F81EB9FD6600F97BE1 /* PickerConfig.swift in Sources */ = {isa = PBXBuildFile; fileRef = 62E5A5E71EB9FD6600F97BE1 /* PickerConfig.swift */; };
		62E5A5F91EB9FD6600F97BE1 /* PickerConstant.swift in Sources */ = {isa = PBXBuildFile; fileRef = 62E5A5E81EB9FD6600F97BE1 /* PickerConstant.swift */; };
		62E5A5FB1EB9FD6600F97BE1 /* SelectFlagView.swift in Sources */ = {isa = PBXBuildFile; fileRef = 62E5A5EA1EB9FD6600F97BE1 /* SelectFlagView.swift */; };
		62E5A5FC1EB9FD6600F97BE1 /* TapImageView.swift in Sources */ = {isa = PBXBuildFile; fileRef = 62E5A5EB1EB9FD6600F97BE1 /* TapImageView.swift */; };
		62E5A5FD1EB9FD6600F97BE1 /* TapView.swift in Sources */ = {isa = PBXBuildFile; fileRef = 62E5A5EC1EB9FD6600F97BE1 /* TapView.swift */; };
		62E5A5FF1EB9FD6600F97BE1 /* ZoomingScrollView.swift in Sources */ = {isa = PBXBuildFile; fileRef = 62E5A5EE1EB9FD6600F97BE1 /* ZoomingScrollView.swift */; };
		62E5A6051EBA13D100F97BE1 /* PickerManager.swift in Sources */ = {isa = PBXBuildFile; fileRef = 62E5A5E91EB9FD6600F97BE1 /* PickerManager.swift */; };
/* End PBXBuildFile section */

/* Begin PBXContainerItemProxy section */
		62C2F4F51EBADD58008F1D9C /* PBXContainerItemProxy */ = {
			isa = PBXContainerItemProxy;
			containerPortal = 62E5A5BB1EB9FC9B00F97BE1 /* Project object */;
			proxyType = 1;
			remoteGlobalIDString = 62E5A5C31EB9FC9B00F97BE1;
			remoteInfo = PicturePicker;
		};
		62E5A5CF1EB9FC9B00F97BE1 /* PBXContainerItemProxy */ = {
			isa = PBXContainerItemProxy;
			containerPortal = 62E5A5BB1EB9FC9B00F97BE1 /* Project object */;
			proxyType = 1;
			remoteGlobalIDString = 62E5A5C31EB9FC9B00F97BE1;
			remoteInfo = PicturePicker;
		};
/* End PBXContainerItemProxy section */

/* Begin PBXFileReference section */
		62C2F4B91EBA1C75008F1D9C /* AAA.swift */ = {isa = PBXFileReference; fileEncoding = 4; lastKnownFileType = sourcecode.swift; path = AAA.swift; sourceTree = "<group>"; };
		62C2F4DD1EBAD82F008F1D9C /* Demo.app */ = {isa = PBXFileReference; explicitFileType = wrapper.application; includeInIndex = 0; path = Demo.app; sourceTree = BUILT_PRODUCTS_DIR; };
		62C2F4DF1EBAD82F008F1D9C /* AppDelegate.swift */ = {isa = PBXFileReference; lastKnownFileType = sourcecode.swift; path = AppDelegate.swift; sourceTree = "<group>"; };
		62C2F4E11EBAD82F008F1D9C /* ViewController.swift */ = {isa = PBXFileReference; lastKnownFileType = sourcecode.swift; path = ViewController.swift; sourceTree = "<group>"; };
		62C2F4E41EBAD82F008F1D9C /* Base */ = {isa = PBXFileReference; lastKnownFileType = file.storyboard; name = Base; path = Base.lproj/Main.storyboard; sourceTree = "<group>"; };
		62C2F4E61EBAD82F008F1D9C /* Assets.xcassets */ = {isa = PBXFileReference; lastKnownFileType = folder.assetcatalog; path = Assets.xcassets; sourceTree = "<group>"; };
		62C2F4E91EBAD82F008F1D9C /* Base */ = {isa = PBXFileReference; lastKnownFileType = file.storyboard; name = Base; path = Base.lproj/LaunchScreen.storyboard; sourceTree = "<group>"; };
		62C2F4EB1EBAD82F008F1D9C /* Info.plist */ = {isa = PBXFileReference; lastKnownFileType = text.plist.xml; path = Info.plist; sourceTree = "<group>"; };
		62C2F4F81EBAE545008F1D9C /* DemoCollectionViewCell.swift */ = {isa = PBXFileReference; fileEncoding = 4; lastKnownFileType = sourcecode.swift; path = DemoCollectionViewCell.swift; sourceTree = "<group>"; };
		62E5A5C41EB9FC9B00F97BE1 /* PicturePicker.framework */ = {isa = PBXFileReference; explicitFileType = wrapper.framework; includeInIndex = 0; path = PicturePicker.framework; sourceTree = BUILT_PRODUCTS_DIR; };
		62E5A5C71EB9FC9B00F97BE1 /* PicturePicker.h */ = {isa = PBXFileReference; lastKnownFileType = sourcecode.c.h; path = PicturePicker.h; sourceTree = "<group>"; };
		62E5A5C81EB9FC9B00F97BE1 /* Info.plist */ = {isa = PBXFileReference; lastKnownFileType = text.plist.xml; path = Info.plist; sourceTree = "<group>"; };
		62E5A5CD1EB9FC9B00F97BE1 /* PicturePickerTests.xctest */ = {isa = PBXFileReference; explicitFileType = wrapper.cfbundle; includeInIndex = 0; path = PicturePickerTests.xctest; sourceTree = BUILT_PRODUCTS_DIR; };
		62E5A5D21EB9FC9B00F97BE1 /* PicturePickerTests.swift */ = {isa = PBXFileReference; lastKnownFileType = sourcecode.swift; path = PicturePickerTests.swift; sourceTree = "<group>"; };
		62E5A5D41EB9FC9B00F97BE1 /* Info.plist */ = {isa = PBXFileReference; lastKnownFileType = text.plist.xml; path = Info.plist; sourceTree = "<group>"; };
		62E5A5DE1EB9FD6600F97BE1 /* AlbumTableViewCell.swift */ = {isa = PBXFileReference; fileEncoding = 4; lastKnownFileType = sourcecode.swift; path = AlbumTableViewCell.swift; sourceTree = "<group>"; };
		62E5A5DF1EB9FD6600F97BE1 /* AlbumTableViewController.swift */ = {isa = PBXFileReference; fileEncoding = 4; lastKnownFileType = sourcecode.swift; path = AlbumTableViewController.swift; sourceTree = "<group>"; };
		62E5A5E01EB9FD6600F97BE1 /* BrowserToolbar.swift */ = {isa = PBXFileReference; fileEncoding = 4; lastKnownFileType = sourcecode.swift; path = BrowserToolbar.swift; sourceTree = "<group>"; };
		62E5A5E11EB9FD6600F97BE1 /* BrowserViewController.swift */ = {isa = PBXFileReference; fileEncoding = 4; lastKnownFileType = sourcecode.swift; path = BrowserViewController.swift; sourceTree = "<group>"; };
		62E5A5E21EB9FD6600F97BE1 /* PagingScrollView.swift */ = {isa = PBXFileReference; fileEncoding = 4; lastKnownFileType = sourcecode.swift; path = PagingScrollView.swift; sourceTree = "<group>"; };
		62E5A5E31EB9FD6600F97BE1 /* Photo.swift */ = {isa = PBXFileReference; fileEncoding = 4; lastKnownFileType = sourcecode.swift; path = Photo.swift; sourceTree = "<group>"; };
		62E5A5E41EB9FD6600F97BE1 /* PhotoCollectionViewCell.swift */ = {isa = PBXFileReference; fileEncoding = 4; lastKnownFileType = sourcecode.swift; path = PhotoCollectionViewCell.swift; sourceTree = "<group>"; };
		62E5A5E51EB9FD6600F97BE1 /* PhotosGridViewController.swift */ = {isa = PBXFileReference; fileEncoding = 4; lastKnownFileType = sourcecode.swift; path = PhotosGridViewController.swift; sourceTree = "<group>"; };
		62E5A5E61EB9FD6600F97BE1 /* PhotoToolbar.swift */ = {isa = PBXFileReference; fileEncoding = 4; lastKnownFileType = sourcecode.swift; path = PhotoToolbar.swift; sourceTree = "<group>"; };
		62E5A5E71EB9FD6600F97BE1 /* PickerConfig.swift */ = {isa = PBXFileReference; fileEncoding = 4; lastKnownFileType = sourcecode.swift; path = PickerConfig.swift; sourceTree = "<group>"; };
		62E5A5E81EB9FD6600F97BE1 /* PickerConstant.swift */ = {isa = PBXFileReference; fileEncoding = 4; lastKnownFileType = sourcecode.swift; path = PickerConstant.swift; sourceTree = "<group>"; };
		62E5A5E91EB9FD6600F97BE1 /* PickerManager.swift */ = {isa = PBXFileReference; fileEncoding = 4; lastKnownFileType = sourcecode.swift; path = PickerManager.swift; sourceTree = "<group>"; };
		62E5A5EA1EB9FD6600F97BE1 /* SelectFlagView.swift */ = {isa = PBXFileReference; fileEncoding = 4; lastKnownFileType = sourcecode.swift; path = SelectFlagView.swift; sourceTree = "<group>"; };
		62E5A5EB1EB9FD6600F97BE1 /* TapImageView.swift */ = {isa = PBXFileReference; fileEncoding = 4; lastKnownFileType = sourcecode.swift; path = TapImageView.swift; sourceTree = "<group>"; };
		62E5A5EC1EB9FD6600F97BE1 /* TapView.swift */ = {isa = PBXFileReference; fileEncoding = 4; lastKnownFileType = sourcecode.swift; path = TapView.swift; sourceTree = "<group>"; };
		62E5A5EE1EB9FD6600F97BE1 /* ZoomingScrollView.swift */ = {isa = PBXFileReference; fileEncoding = 4; lastKnownFileType = sourcecode.swift; path = ZoomingScrollView.swift; sourceTree = "<group>"; };
/* End PBXFileReference section */

/* Begin PBXFrameworksBuildPhase section */
		62C2F4DA1EBAD82F008F1D9C /* Frameworks */ = {
			isa = PBXFrameworksBuildPhase;
			buildActionMask = 2147483647;
			files = (
				62C2F4F71EBADE19008F1D9C /* PicturePicker.framework in Frameworks */,
			);
			runOnlyForDeploymentPostprocessing = 0;
		};
		62E5A5C01EB9FC9B00F97BE1 /* Frameworks */ = {
			isa = PBXFrameworksBuildPhase;
			buildActionMask = 2147483647;
			files = (
			);
			runOnlyForDeploymentPostprocessing = 0;
		};
		62E5A5CA1EB9FC9B00F97BE1 /* Frameworks */ = {
			isa = PBXFrameworksBuildPhase;
			buildActionMask = 2147483647;
			files = (
				62E5A5CE1EB9FC9B00F97BE1 /* PicturePicker.framework in Frameworks */,
			);
			runOnlyForDeploymentPostprocessing = 0;
		};
/* End PBXFrameworksBuildPhase section */

/* Begin PBXGroup section */
		62C2F4DE1EBAD82F008F1D9C /* Demo */ = {
			isa = PBXGroup;
			children = (
				62C2F4DF1EBAD82F008F1D9C /* AppDelegate.swift */,
				62C2F4E11EBAD82F008F1D9C /* ViewController.swift */,
				62C2F4F81EBAE545008F1D9C /* DemoCollectionViewCell.swift */,
				62C2F4E31EBAD82F008F1D9C /* Main.storyboard */,
				62C2F4E61EBAD82F008F1D9C /* Assets.xcassets */,
				62C2F4E81EBAD82F008F1D9C /* LaunchScreen.storyboard */,
				62C2F4EB1EBAD82F008F1D9C /* Info.plist */,
			);
			path = Demo;
			sourceTree = "<group>";
		};
		62E5A5BA1EB9FC9B00F97BE1 = {
			isa = PBXGroup;
			children = (
				62E5A5C61EB9FC9B00F97BE1 /* PicturePicker */,
				62E5A5D11EB9FC9B00F97BE1 /* PicturePickerTests */,
				62C2F4DE1EBAD82F008F1D9C /* Demo */,
				62E5A5C51EB9FC9B00F97BE1 /* Products */,
			);
			sourceTree = "<group>";
		};
		62E5A5C51EB9FC9B00F97BE1 /* Products */ = {
			isa = PBXGroup;
			children = (
				62E5A5C41EB9FC9B00F97BE1 /* PicturePicker.framework */,
				62E5A5CD1EB9FC9B00F97BE1 /* PicturePickerTests.xctest */,
				62C2F4DD1EBAD82F008F1D9C /* Demo.app */,
			);
			name = Products;
			sourceTree = "<group>";
		};
		62E5A5C61EB9FC9B00F97BE1 /* PicturePicker */ = {
			isa = PBXGroup;
			children = (
				62E5A5C71EB9FC9B00F97BE1 /* PicturePicker.h */,
				62E5A5E91EB9FD6600F97BE1 /* PickerManager.swift */,
				62E5A5E71EB9FD6600F97BE1 /* PickerConfig.swift */,
				62E5A5E81EB9FD6600F97BE1 /* PickerConstant.swift */,
				62E5A5DE1EB9FD6600F97BE1 /* AlbumTableViewCell.swift */,
				62E5A5DF1EB9FD6600F97BE1 /* AlbumTableViewController.swift */,
				62E5A5E01EB9FD6600F97BE1 /* BrowserToolbar.swift */,
				62E5A5E11EB9FD6600F97BE1 /* BrowserViewController.swift */,
				62E5A5E21EB9FD6600F97BE1 /* PagingScrollView.swift */,
				62E5A5E31EB9FD6600F97BE1 /* Photo.swift */,
				62E5A5E41EB9FD6600F97BE1 /* PhotoCollectionViewCell.swift */,
				62E5A5E51EB9FD6600F97BE1 /* PhotosGridViewController.swift */,
				62E5A5E61EB9FD6600F97BE1 /* PhotoToolbar.swift */,
				62E5A5EA1EB9FD6600F97BE1 /* SelectFlagView.swift */,
				62E5A5EB1EB9FD6600F97BE1 /* TapImageView.swift */,
				62E5A5EC1EB9FD6600F97BE1 /* TapView.swift */,
				62E5A5EE1EB9FD6600F97BE1 /* ZoomingScrollView.swift */,
				62E5A5C81EB9FC9B00F97BE1 /* Info.plist */,
				62C2F4B91EBA1C75008F1D9C /* AAA.swift */,
			);
			path = PicturePicker;
			sourceTree = "<group>";
		};
		62E5A5D11EB9FC9B00F97BE1 /* PicturePickerTests */ = {
			isa = PBXGroup;
			children = (
				62E5A5D21EB9FC9B00F97BE1 /* PicturePickerTests.swift */,
				62E5A5D41EB9FC9B00F97BE1 /* Info.plist */,
			);
			path = PicturePickerTests;
			sourceTree = "<group>";
		};
/* End PBXGroup section */

/* Begin PBXHeadersBuildPhase section */
		62E5A5C11EB9FC9B00F97BE1 /* Headers */ = {
			isa = PBXHeadersBuildPhase;
			buildActionMask = 2147483647;
			files = (
				62E5A5D51EB9FC9B00F97BE1 /* PicturePicker.h in Headers */,
			);
			runOnlyForDeploymentPostprocessing = 0;
		};
/* End PBXHeadersBuildPhase section */

/* Begin PBXNativeTarget section */
		62C2F4DC1EBAD82F008F1D9C /* Demo */ = {
			isa = PBXNativeTarget;
			buildConfigurationList = 62C2F4EE1EBAD82F008F1D9C /* Build configuration list for PBXNativeTarget "Demo" */;
			buildPhases = (
				62C2F4D91EBAD82F008F1D9C /* Sources */,
				62C2F4DA1EBAD82F008F1D9C /* Frameworks */,
				62C2F4DB1EBAD82F008F1D9C /* Resources */,
			);
			buildRules = (
			);
			dependencies = (
				62C2F4F61EBADD58008F1D9C /* PBXTargetDependency */,
			);
			name = Demo;
			productName = Demo;
			productReference = 62C2F4DD1EBAD82F008F1D9C /* Demo.app */;
			productType = "com.apple.product-type.application";
		};
		62E5A5C31EB9FC9B00F97BE1 /* PicturePicker */ = {
			isa = PBXNativeTarget;
			buildConfigurationList = 62E5A5D81EB9FC9B00F97BE1 /* Build configuration list for PBXNativeTarget "PicturePicker" */;
			buildPhases = (
				62E5A5BF1EB9FC9B00F97BE1 /* Sources */,
				62E5A5C01EB9FC9B00F97BE1 /* Frameworks */,
				62E5A5C11EB9FC9B00F97BE1 /* Headers */,
				62E5A5C21EB9FC9B00F97BE1 /* Resources */,
			);
			buildRules = (
			);
			dependencies = (
			);
			name = PicturePicker;
			productName = PicturePicker;
			productReference = 62E5A5C41EB9FC9B00F97BE1 /* PicturePicker.framework */;
			productType = "com.apple.product-type.framework";
		};
		62E5A5CC1EB9FC9B00F97BE1 /* PicturePickerTests */ = {
			isa = PBXNativeTarget;
			buildConfigurationList = 62E5A5DB1EB9FC9B00F97BE1 /* Build configuration list for PBXNativeTarget "PicturePickerTests" */;
			buildPhases = (
				62E5A5C91EB9FC9B00F97BE1 /* Sources */,
				62E5A5CA1EB9FC9B00F97BE1 /* Frameworks */,
				62E5A5CB1EB9FC9B00F97BE1 /* Resources */,
			);
			buildRules = (
			);
			dependencies = (
				62E5A5D01EB9FC9B00F97BE1 /* PBXTargetDependency */,
			);
			name = PicturePickerTests;
			productName = PicturePickerTests;
			productReference = 62E5A5CD1EB9FC9B00F97BE1 /* PicturePickerTests.xctest */;
			productType = "com.apple.product-type.bundle.unit-test";
		};
/* End PBXNativeTarget section */

/* Begin PBXProject section */
		62E5A5BB1EB9FC9B00F97BE1 /* Project object */ = {
			isa = PBXProject;
			attributes = {
				LastSwiftUpdateCheck = 0830;
				LastUpgradeCheck = 0830;
				ORGANIZATIONNAME = Richard;
				TargetAttributes = {
					62C2F4DC1EBAD82F008F1D9C = {
						CreatedOnToolsVersion = 8.3.2;
						DevelopmentTeam = W6SKYUXYNG;
						ProvisioningStyle = Automatic;
					};
					62E5A5C31EB9FC9B00F97BE1 = {
						CreatedOnToolsVersion = 8.3.2;
						DevelopmentTeam = W6SKYUXYNG;
						LastSwiftMigration = 0830;
						ProvisioningStyle = Manual;
					};
					62E5A5CC1EB9FC9B00F97BE1 = {
						CreatedOnToolsVersion = 8.3.2;
						ProvisioningStyle = Automatic;
					};
				};
			};
			buildConfigurationList = 62E5A5BE1EB9FC9B00F97BE1 /* Build configuration list for PBXProject "PicturePicker" */;
			compatibilityVersion = "Xcode 3.2";
			developmentRegion = English;
			hasScannedForEncodings = 0;
			knownRegions = (
				en,
				Base,
			);
			mainGroup = 62E5A5BA1EB9FC9B00F97BE1;
			productRefGroup = 62E5A5C51EB9FC9B00F97BE1 /* Products */;
			projectDirPath = "";
			projectRoot = "";
			targets = (
				62E5A5C31EB9FC9B00F97BE1 /* PicturePicker */,
				62E5A5CC1EB9FC9B00F97BE1 /* PicturePickerTests */,
				62C2F4DC1EBAD82F008F1D9C /* Demo */,
			);
		};
/* End PBXProject section */

/* Begin PBXResourcesBuildPhase section */
		62C2F4DB1EBAD82F008F1D9C /* Resources */ = {
			isa = PBXResourcesBuildPhase;
			buildActionMask = 2147483647;
			files = (
				62C2F4EA1EBAD82F008F1D9C /* LaunchScreen.storyboard in Resources */,
				62C2F4E71EBAD82F008F1D9C /* Assets.xcassets in Resources */,
				62C2F4E51EBAD82F008F1D9C /* Main.storyboard in Resources */,
			);
			runOnlyForDeploymentPostprocessing = 0;
		};
		62E5A5C21EB9FC9B00F97BE1 /* Resources */ = {
			isa = PBXResourcesBuildPhase;
			buildActionMask = 2147483647;
			files = (
			);
			runOnlyForDeploymentPostprocessing = 0;
		};
		62E5A5CB1EB9FC9B00F97BE1 /* Resources */ = {
			isa = PBXResourcesBuildPhase;
			buildActionMask = 2147483647;
			files = (
			);
			runOnlyForDeploymentPostprocessing = 0;
		};
/* End PBXResourcesBuildPhase section */

/* Begin PBXSourcesBuildPhase section */
		62C2F4D91EBAD82F008F1D9C /* Sources */ = {
			isa = PBXSourcesBuildPhase;
			buildActionMask = 2147483647;
			files = (
				62C2F4E21EBAD82F008F1D9C /* ViewController.swift in Sources */,
				62C2F4F91EBAE545008F1D9C /* DemoCollectionViewCell.swift in Sources */,
				62C2F4E01EBAD82F008F1D9C /* AppDelegate.swift in Sources */,
			);
			runOnlyForDeploymentPostprocessing = 0;
		};
		62E5A5BF1EB9FC9B00F97BE1 /* Sources */ = {
			isa = PBXSourcesBuildPhase;
			buildActionMask = 2147483647;
			files = (
				62E5A6051EBA13D100F97BE1 /* PickerManager.swift in Sources */,
				62E5A5F71EB9FD6600F97BE1 /* PhotoToolbar.swift in Sources */,
				62E5A5F41EB9FD6600F97BE1 /* Photo.swift in Sources */,
				62E5A5FD1EB9FD6600F97BE1 /* TapView.swift in Sources */,
				62E5A5EF1EB9FD6600F97BE1 /* AlbumTableViewCell.swift in Sources */,
				62E5A5F21EB9FD6600F97BE1 /* BrowserViewController.swift in Sources */,
				62E5A5FF1EB9FD6600F97BE1 /* ZoomingScrollView.swift in Sources */,
				62E5A5F91EB9FD6600F97BE1 /* PickerConstant.swift in Sources */,
				62E5A5F61EB9FD6600F97BE1 /* PhotosGridViewController.swift in Sources */,
				62E5A5F81EB9FD6600F97BE1 /* PickerConfig.swift in Sources */,
				62E5A5F01EB9FD6600F97BE1 /* AlbumTableViewController.swift in Sources */,
				62E5A5F51EB9FD6600F97BE1 /* PhotoCollectionViewCell.swift in Sources */,
				62E5A5FC1EB9FD6600F97BE1 /* TapImageView.swift in Sources */,
				62E5A5F11EB9FD6600F97BE1 /* BrowserToolbar.swift in Sources */,
				62C2F4BA1EBA1C75008F1D9C /* AAA.swift in Sources */,
				62E5A5FB1EB9FD6600F97BE1 /* SelectFlagView.swift in Sources */,
				62E5A5F31EB9FD6600F97BE1 /* PagingScrollView.swift in Sources */,
			);
			runOnlyForDeploymentPostprocessing = 0;
		};
		62E5A5C91EB9FC9B00F97BE1 /* Sources */ = {
			isa = PBXSourcesBuildPhase;
			buildActionMask = 2147483647;
			files = (
				62E5A5D31EB9FC9B00F97BE1 /* PicturePickerTests.swift in Sources */,
			);
			runOnlyForDeploymentPostprocessing = 0;
		};
/* End PBXSourcesBuildPhase section */

/* Begin PBXTargetDependency section */
		62C2F4F61EBADD58008F1D9C /* PBXTargetDependency */ = {
			isa = PBXTargetDependency;
			target = 62E5A5C31EB9FC9B00F97BE1 /* PicturePicker */;
			targetProxy = 62C2F4F51EBADD58008F1D9C /* PBXContainerItemProxy */;
		};
		62E5A5D01EB9FC9B00F97BE1 /* PBXTargetDependency */ = {
			isa = PBXTargetDependency;
			target = 62E5A5C31EB9FC9B00F97BE1 /* PicturePicker */;
			targetProxy = 62E5A5CF1EB9FC9B00F97BE1 /* PBXContainerItemProxy */;
		};
/* End PBXTargetDependency section */

/* Begin PBXVariantGroup section */
		62C2F4E31EBAD82F008F1D9C /* Main.storyboard */ = {
			isa = PBXVariantGroup;
			children = (
				62C2F4E41EBAD82F008F1D9C /* Base */,
			);
			name = Main.storyboard;
			sourceTree = "<group>";
		};
		62C2F4E81EBAD82F008F1D9C /* LaunchScreen.storyboard */ = {
			isa = PBXVariantGroup;
			children = (
				62C2F4E91EBAD82F008F1D9C /* Base */,
			);
			name = LaunchScreen.storyboard;
			sourceTree = "<group>";
		};
/* End PBXVariantGroup section */

/* Begin XCBuildConfiguration section */
		62C2F4EC1EBAD82F008F1D9C /* Debug */ = {
			isa = XCBuildConfiguration;
			buildSettings = {
				ASSETCATALOG_COMPILER_APPICON_NAME = AppIcon;
				DEVELOPMENT_TEAM = W6SKYUXYNG;
				INFOPLIST_FILE = Demo/Info.plist;
				IPHONEOS_DEPLOYMENT_TARGET = 9.0;
				LD_RUNPATH_SEARCH_PATHS = "$(inherited) @executable_path/Frameworks";
				PRODUCT_BUNDLE_IDENTIFIER = com.richard.test.Demo;
				PRODUCT_NAME = "$(TARGET_NAME)";
				SWIFT_VERSION = 3.0;
			};
			name = Debug;
		};
		62C2F4ED1EBAD82F008F1D9C /* Release */ = {
			isa = XCBuildConfiguration;
			buildSettings = {
				ASSETCATALOG_COMPILER_APPICON_NAME = AppIcon;
				DEVELOPMENT_TEAM = W6SKYUXYNG;
				INFOPLIST_FILE = Demo/Info.plist;
				IPHONEOS_DEPLOYMENT_TARGET = 9.0;
				LD_RUNPATH_SEARCH_PATHS = "$(inherited) @executable_path/Frameworks";
				PRODUCT_BUNDLE_IDENTIFIER = com.richard.test.Demo;
				PRODUCT_NAME = "$(TARGET_NAME)";
				SWIFT_VERSION = 3.0;
			};
			name = Release;
		};
		62E5A5D61EB9FC9B00F97BE1 /* Debug */ = {
			isa = XCBuildConfiguration;
			buildSettings = {
				ALWAYS_SEARCH_USER_PATHS = NO;
				CLANG_ANALYZER_NONNULL = YES;
				CLANG_ANALYZER_NUMBER_OBJECT_CONVERSION = YES_AGGRESSIVE;
				CLANG_CXX_LANGUAGE_STANDARD = "gnu++0x";
				CLANG_CXX_LIBRARY = "libc++";
				CLANG_ENABLE_MODULES = YES;
				CLANG_ENABLE_OBJC_ARC = YES;
				CLANG_WARN_BOOL_CONVERSION = YES;
				CLANG_WARN_CONSTANT_CONVERSION = YES;
				CLANG_WARN_DIRECT_OBJC_ISA_USAGE = YES_ERROR;
				CLANG_WARN_DOCUMENTATION_COMMENTS = YES;
				CLANG_WARN_EMPTY_BODY = YES;
				CLANG_WARN_ENUM_CONVERSION = YES;
				CLANG_WARN_INFINITE_RECURSION = YES;
				CLANG_WARN_INT_CONVERSION = YES;
				CLANG_WARN_OBJC_ROOT_CLASS = YES_ERROR;
				CLANG_WARN_SUSPICIOUS_MOVE = YES;
				CLANG_WARN_UNREACHABLE_CODE = YES;
				CLANG_WARN__DUPLICATE_METHOD_MATCH = YES;
				"CODE_SIGN_IDENTITY[sdk=iphoneos*]" = "iPhone Developer";
				COPY_PHASE_STRIP = NO;
				CURRENT_PROJECT_VERSION = 1;
				DEBUG_INFORMATION_FORMAT = dwarf;
				ENABLE_STRICT_OBJC_MSGSEND = YES;
				ENABLE_TESTABILITY = YES;
				GCC_C_LANGUAGE_STANDARD = gnu99;
				GCC_DYNAMIC_NO_PIC = NO;
				GCC_NO_COMMON_BLOCKS = YES;
				GCC_OPTIMIZATION_LEVEL = 0;
				GCC_PREPROCESSOR_DEFINITIONS = (
					"DEBUG=1",
					"$(inherited)",
				);
				GCC_WARN_64_TO_32_BIT_CONVERSION = YES;
				GCC_WARN_ABOUT_RETURN_TYPE = YES_ERROR;
				GCC_WARN_UNDECLARED_SELECTOR = YES;
				GCC_WARN_UNINITIALIZED_AUTOS = YES_AGGRESSIVE;
				GCC_WARN_UNUSED_FUNCTION = YES;
				GCC_WARN_UNUSED_VARIABLE = YES;
				IPHONEOS_DEPLOYMENT_TARGET = 9.0;
				MTL_ENABLE_DEBUG_INFO = YES;
				ONLY_ACTIVE_ARCH = YES;
				SDKROOT = iphoneos;
				SWIFT_ACTIVE_COMPILATION_CONDITIONS = DEBUG;
				SWIFT_OPTIMIZATION_LEVEL = "-Onone";
				TARGETED_DEVICE_FAMILY = "1,2";
				VERSIONING_SYSTEM = "apple-generic";
				VERSION_INFO_PREFIX = "";
			};
			name = Debug;
		};
		62E5A5D71EB9FC9B00F97BE1 /* Release */ = {
			isa = XCBuildConfiguration;
			buildSettings = {
				ALWAYS_SEARCH_USER_PATHS = NO;
				CLANG_ANALYZER_NONNULL = YES;
				CLANG_ANALYZER_NUMBER_OBJECT_CONVERSION = YES_AGGRESSIVE;
				CLANG_CXX_LANGUAGE_STANDARD = "gnu++0x";
				CLANG_CXX_LIBRARY = "libc++";
				CLANG_ENABLE_MODULES = YES;
				CLANG_ENABLE_OBJC_ARC = YES;
				CLANG_WARN_BOOL_CONVERSION = YES;
				CLANG_WARN_CONSTANT_CONVERSION = YES;
				CLANG_WARN_DIRECT_OBJC_ISA_USAGE = YES_ERROR;
				CLANG_WARN_DOCUMENTATION_COMMENTS = YES;
				CLANG_WARN_EMPTY_BODY = YES;
				CLANG_WARN_ENUM_CONVERSION = YES;
				CLANG_WARN_INFINITE_RECURSION = YES;
				CLANG_WARN_INT_CONVERSION = YES;
				CLANG_WARN_OBJC_ROOT_CLASS = YES_ERROR;
				CLANG_WARN_SUSPICIOUS_MOVE = YES;
				CLANG_WARN_UNREACHABLE_CODE = YES;
				CLANG_WARN__DUPLICATE_METHOD_MATCH = YES;
				"CODE_SIGN_IDENTITY[sdk=iphoneos*]" = "iPhone Developer";
				COPY_PHASE_STRIP = NO;
				CURRENT_PROJECT_VERSION = 1;
				DEBUG_INFORMATION_FORMAT = "dwarf-with-dsym";
				ENABLE_NS_ASSERTIONS = NO;
				ENABLE_STRICT_OBJC_MSGSEND = YES;
				GCC_C_LANGUAGE_STANDARD = gnu99;
				GCC_NO_COMMON_BLOCKS = YES;
				GCC_WARN_64_TO_32_BIT_CONVERSION = YES;
				GCC_WARN_ABOUT_RETURN_TYPE = YES_ERROR;
				GCC_WARN_UNDECLARED_SELECTOR = YES;
				GCC_WARN_UNINITIALIZED_AUTOS = YES_AGGRESSIVE;
				GCC_WARN_UNUSED_FUNCTION = YES;
				GCC_WARN_UNUSED_VARIABLE = YES;
				IPHONEOS_DEPLOYMENT_TARGET = 9.0;
				MTL_ENABLE_DEBUG_INFO = NO;
				SDKROOT = iphoneos;
				SWIFT_OPTIMIZATION_LEVEL = "-Owholemodule";
				TARGETED_DEVICE_FAMILY = "1,2";
				VALIDATE_PRODUCT = YES;
				VERSIONING_SYSTEM = "apple-generic";
				VERSION_INFO_PREFIX = "";
			};
			name = Release;
		};
		62E5A5D91EB9FC9B00F97BE1 /* Debug */ = {
			isa = XCBuildConfiguration;
			buildSettings = {
				CLANG_ENABLE_MODULES = YES;
				CODE_SIGN_IDENTITY = "";
				"CODE_SIGN_IDENTITY[sdk=iphoneos*]" = "iPhone Developer";
				DEFINES_MODULE = YES;
				DEVELOPMENT_TEAM = W6SKYUXYNG;
				DYLIB_COMPATIBILITY_VERSION = 1;
				DYLIB_CURRENT_VERSION = 1;
				DYLIB_INSTALL_NAME_BASE = "@rpath";
				INFOPLIST_FILE = PicturePicker/Info.plist;
				INSTALL_PATH = "$(LOCAL_LIBRARY_DIR)/Frameworks";
				LD_RUNPATH_SEARCH_PATHS = "$(inherited) @executable_path/Frameworks @loader_path/Frameworks";
				PRODUCT_BUNDLE_IDENTIFIER = com.richard.test.PicturePicker;
				PRODUCT_NAME = "$(TARGET_NAME)";
				PROVISIONING_PROFILE_SPECIFIER = "";
				SKIP_INSTALL = YES;
				SWIFT_OPTIMIZATION_LEVEL = "-Onone";
				SWIFT_VERSION = 3.0;
			};
			name = Debug;
		};
		62E5A5DA1EB9FC9B00F97BE1 /* Release */ = {
			isa = XCBuildConfiguration;
			buildSettings = {
				CLANG_ENABLE_MODULES = YES;
				CODE_SIGN_IDENTITY = "";
				"CODE_SIGN_IDENTITY[sdk=iphoneos*]" = "iPhone Developer";
				DEFINES_MODULE = YES;
				DEVELOPMENT_TEAM = W6SKYUXYNG;
				DYLIB_COMPATIBILITY_VERSION = 1;
				DYLIB_CURRENT_VERSION = 1;
				DYLIB_INSTALL_NAME_BASE = "@rpath";
				INFOPLIST_FILE = PicturePicker/Info.plist;
				INSTALL_PATH = "$(LOCAL_LIBRARY_DIR)/Frameworks";
				LD_RUNPATH_SEARCH_PATHS = "$(inherited) @executable_path/Frameworks @loader_path/Frameworks";
				PRODUCT_BUNDLE_IDENTIFIER = com.richard.test.PicturePicker;
				PRODUCT_NAME = "$(TARGET_NAME)";
				PROVISIONING_PROFILE_SPECIFIER = "";
				SKIP_INSTALL = YES;
				SWIFT_VERSION = 3.0;
			};
			name = Release;
		};
		62E5A5DC1EB9FC9B00F97BE1 /* Debug */ = {
			isa = XCBuildConfiguration;
			buildSettings = {
				ALWAYS_EMBED_SWIFT_STANDARD_LIBRARIES = YES;
				INFOPLIST_FILE = PicturePickerTests/Info.plist;
				LD_RUNPATH_SEARCH_PATHS = "$(inherited) @executable_path/Frameworks @loader_path/Frameworks";
				PRODUCT_BUNDLE_IDENTIFIER = com.richard.test.PicturePickerTests;
				PRODUCT_NAME = "$(TARGET_NAME)";
				SWIFT_VERSION = 3.0;
			};
			name = Debug;
		};
		62E5A5DD1EB9FC9B00F97BE1 /* Release */ = {
			isa = XCBuildConfiguration;
			buildSettings = {
				ALWAYS_EMBED_SWIFT_STANDARD_LIBRARIES = YES;
				INFOPLIST_FILE = PicturePickerTests/Info.plist;
				LD_RUNPATH_SEARCH_PATHS = "$(inherited) @executable_path/Frameworks @loader_path/Frameworks";
				PRODUCT_BUNDLE_IDENTIFIER = com.richard.test.PicturePickerTests;
				PRODUCT_NAME = "$(TARGET_NAME)";
				SWIFT_VERSION = 3.0;
			};
			name = Release;
		};
/* End XCBuildConfiguration section */

/* Begin XCConfigurationList section */
		62C2F4EE1EBAD82F008F1D9C /* Build configuration list for PBXNativeTarget "Demo" */ = {
			isa = XCConfigurationList;
			buildConfigurations = (
				62C2F4EC1EBAD82F008F1D9C /* Debug */,
				62C2F4ED1EBAD82F008F1D9C /* Release */,
			);
			defaultConfigurationIsVisible = 0;
			defaultConfigurationName = Release;
		};
		62E5A5BE1EB9FC9B00F97BE1 /* Build configuration list for PBXProject "PicturePicker" */ = {
			isa = XCConfigurationList;
			buildConfigurations = (
				62E5A5D61EB9FC9B00F97BE1 /* Debug */,
				62E5A5D71EB9FC9B00F97BE1 /* Release */,
			);
			defaultConfigurationIsVisible = 0;
			defaultConfigurationName = Release;
		};
		62E5A5D81EB9FC9B00F97BE1 /* Build configuration list for PBXNativeTarget "PicturePicker" */ = {
			isa = XCConfigurationList;
			buildConfigurations = (
				62E5A5D91EB9FC9B00F97BE1 /* Debug */,
				62E5A5DA1EB9FC9B00F97BE1 /* Release */,
			);
			defaultConfigurationIsVisible = 0;
			defaultConfigurationName = Release;
		};
		62E5A5DB1EB9FC9B00F97BE1 /* Build configuration list for PBXNativeTarget "PicturePickerTests" */ = {
			isa = XCConfigurationList;
			buildConfigurations = (
				62E5A5DC1EB9FC9B00F97BE1 /* Debug */,
				62E5A5DD1EB9FC9B00F97BE1 /* Release */,
			);
			defaultConfigurationIsVisible = 0;
			defaultConfigurationName = Release;
		};
/* End XCConfigurationList section */
	};
	rootObject = 62E5A5BB1EB9FC9B00F97BE1 /* Project object */;
}
